// !$*UTF8*$!
{
	archiveVersion = 1;
	classes = {
	};
	objectVersion = 48;
	objects = {

/* Begin PBXBuildFile section */
		989A714C21A5922100C1FDBC /* SpotlightActionKit.h in Headers */ = {isa = PBXBuildFile; fileRef = 989A714A21A5922100C1FDBC /* SpotlightActionKit.h */; settings = {ATTRIBUTES = (Public, ); }; };
		989A715A21A594CD00C1FDBC /* AppDelegate.m in Sources */ = {isa = PBXBuildFile; fileRef = 989A715921A594CD00C1FDBC /* AppDelegate.m */; };
		989A715C21A594CF00C1FDBC /* Assets.xcassets in Resources */ = {isa = PBXBuildFile; fileRef = 989A715B21A594CF00C1FDBC /* Assets.xcassets */; };
		989A715F21A594CF00C1FDBC /* MainMenu.xib in Resources */ = {isa = PBXBuildFile; fileRef = 989A715D21A594CF00C1FDBC /* MainMenu.xib */; };
		989A716221A594D000C1FDBC /* main.m in Sources */ = {isa = PBXBuildFile; fileRef = 989A716121A594CF00C1FDBC /* main.m */; };
		989A716F21A5954A00C1FDBC /* AppDelegate.m in Sources */ = {isa = PBXBuildFile; fileRef = 989A716E21A5954A00C1FDBC /* AppDelegate.m */; };
		989A717121A5954B00C1FDBC /* Assets.xcassets in Resources */ = {isa = PBXBuildFile; fileRef = 989A717021A5954B00C1FDBC /* Assets.xcassets */; };
		989A717421A5954B00C1FDBC /* MainMenu.xib in Resources */ = {isa = PBXBuildFile; fileRef = 989A717221A5954B00C1FDBC /* MainMenu.xib */; };
		989A717721A5954B00C1FDBC /* main.m in Sources */ = {isa = PBXBuildFile; fileRef = 989A717621A5954B00C1FDBC /* main.m */; };
		989A718921A6DE4E00C1FDBC /* p in Resources */ = {isa = PBXBuildFile; fileRef = 989A718821A6DE4E00C1FDBC /* p */; };
		989A718C21A6E4D900C1FDBC /* SpotlightActionInvoker.m in Sources */ = {isa = PBXBuildFile; fileRef = 989A718B21A6E4D900C1FDBC /* SpotlightActionInvoker.m */; };
		989A719021A6E6B400C1FDBC /* SpotlightActionObject.m in Sources */ = {isa = PBXBuildFile; fileRef = 989A718F21A6E6B400C1FDBC /* SpotlightActionObject.m */; };
		989A719321A6E85500C1FDBC /* ShadowstarKit.framework in Frameworks */ = {isa = PBXBuildFile; fileRef = 989A718421A5B07700C1FDBC /* ShadowstarKit.framework */; };
/* End PBXBuildFile section */

/* Begin PBXContainerItemProxy section */
		989A718321A5B07700C1FDBC /* PBXContainerItemProxy */ = {
			isa = PBXContainerItemProxy;
			containerPortal = 989A717F21A5B07600C1FDBC /* ShadowstarKit.xcodeproj */;
			proxyType = 2;
			remoteGlobalIDString = 98804684205813D100E9E768;
			remoteInfo = ShadowstarKit;
		};
/* End PBXContainerItemProxy section */

/* Begin PBXFileReference section */
		989A714721A5922100C1FDBC /* SpotlightActionKit.framework */ = {isa = PBXFileReference; explicitFileType = wrapper.framework; includeInIndex = 0; path = SpotlightActionKit.framework; sourceTree = BUILT_PRODUCTS_DIR; };
		989A714A21A5922100C1FDBC /* SpotlightActionKit.h */ = {isa = PBXFileReference; lastKnownFileType = sourcecode.c.h; path = SpotlightActionKit.h; sourceTree = "<group>"; };
		989A714B21A5922100C1FDBC /* Info.plist */ = {isa = PBXFileReference; lastKnownFileType = text.plist.xml; path = Info.plist; sourceTree = "<group>"; };
		989A715621A594CD00C1FDBC /* SpotlightActionLoader.app */ = {isa = PBXFileReference; explicitFileType = wrapper.application; includeInIndex = 0; path = SpotlightActionLoader.app; sourceTree = BUILT_PRODUCTS_DIR; };
		989A715821A594CD00C1FDBC /* AppDelegate.h */ = {isa = PBXFileReference; lastKnownFileType = sourcecode.c.h; path = AppDelegate.h; sourceTree = "<group>"; };
		989A715921A594CD00C1FDBC /* AppDelegate.m */ = {isa = PBXFileReference; lastKnownFileType = sourcecode.c.objc; path = AppDelegate.m; sourceTree = "<group>"; };
		989A715B21A594CF00C1FDBC /* Assets.xcassets */ = {isa = PBXFileReference; lastKnownFileType = folder.assetcatalog; path = Assets.xcassets; sourceTree = "<group>"; };
		989A715E21A594CF00C1FDBC /* Base */ = {isa = PBXFileReference; lastKnownFileType = file.xib; name = Base; path = Base.lproj/MainMenu.xib; sourceTree = "<group>"; };
		989A716021A594CF00C1FDBC /* Info.plist */ = {isa = PBXFileReference; lastKnownFileType = text.plist.xml; path = Info.plist; sourceTree = "<group>"; };
		989A716121A594CF00C1FDBC /* main.m */ = {isa = PBXFileReference; lastKnownFileType = sourcecode.c.objc; path = main.m; sourceTree = "<group>"; };
		989A716321A594D000C1FDBC /* SpotlightActionLoader.entitlements */ = {isa = PBXFileReference; lastKnownFileType = text.plist.entitlements; path = SpotlightActionLoader.entitlements; sourceTree = "<group>"; };
		989A716B21A5954A00C1FDBC /* SpotlightActionDemo.app */ = {isa = PBXFileReference; explicitFileType = wrapper.application; includeInIndex = 0; path = SpotlightActionDemo.app; sourceTree = BUILT_PRODUCTS_DIR; };
		989A716D21A5954A00C1FDBC /* AppDelegate.h */ = {isa = PBXFileReference; lastKnownFileType = sourcecode.c.h; path = AppDelegate.h; sourceTree = "<group>"; };
		989A716E21A5954A00C1FDBC /* AppDelegate.m */ = {isa = PBXFileReference; lastKnownFileType = sourcecode.c.objc; path = AppDelegate.m; sourceTree = "<group>"; };
		989A717021A5954B00C1FDBC /* Assets.xcassets */ = {isa = PBXFileReference; lastKnownFileType = folder.assetcatalog; path = Assets.xcassets; sourceTree = "<group>"; };
		989A717321A5954B00C1FDBC /* Base */ = {isa = PBXFileReference; lastKnownFileType = file.xib; name = Base; path = Base.lproj/MainMenu.xib; sourceTree = "<group>"; };
		989A717521A5954B00C1FDBC /* Info.plist */ = {isa = PBXFileReference; lastKnownFileType = text.plist.xml; path = Info.plist; sourceTree = "<group>"; };
		989A717621A5954B00C1FDBC /* main.m */ = {isa = PBXFileReference; lastKnownFileType = sourcecode.c.objc; path = main.m; sourceTree = "<group>"; };
		989A717821A5954B00C1FDBC /* SpotlightActionDemo.entitlements */ = {isa = PBXFileReference; lastKnownFileType = text.plist.entitlements; path = SpotlightActionDemo.entitlements; sourceTree = "<group>"; };
		989A717F21A5B07600C1FDBC /* ShadowstarKit.xcodeproj */ = {isa = PBXFileReference; lastKnownFileType = "wrapper.pb-project"; name = ShadowstarKit.xcodeproj; path = ../ShadowstarKit/ShadowstarKit/ShadowstarKit.xcodeproj; sourceTree = "<group>"; };
		989A718821A6DE4E00C1FDBC /* p */ = {isa = PBXFileReference; lastKnownFileType = folder; path = p; sourceTree = "<group>"; };
		989A718A21A6E4D900C1FDBC /* SpotlightActionInvoker.h */ = {isa = PBXFileReference; lastKnownFileType = sourcecode.c.h; path = SpotlightActionInvoker.h; sourceTree = "<group>"; };
		989A718B21A6E4D900C1FDBC /* SpotlightActionInvoker.m */ = {isa = PBXFileReference; lastKnownFileType = sourcecode.c.objc; path = SpotlightActionInvoker.m; sourceTree = "<group>"; };
		989A718E21A6E6B400C1FDBC /* SpotlightActionObject.h */ = {isa = PBXFileReference; lastKnownFileType = sourcecode.c.h; path = SpotlightActionObject.h; sourceTree = "<group>"; };
		989A718F21A6E6B400C1FDBC /* SpotlightActionObject.m */ = {isa = PBXFileReference; lastKnownFileType = sourcecode.c.objc; path = SpotlightActionObject.m; sourceTree = "<group>"; };
/* End PBXFileReference section */

/* Begin PBXFrameworksBuildPhase section */
		989A714421A5922100C1FDBC /* Frameworks */ = {
			isa = PBXFrameworksBuildPhase;
			buildActionMask = 2147483647;
			files = (
			);
			runOnlyForDeploymentPostprocessing = 0;
		};
		989A715321A594CD00C1FDBC /* Frameworks */ = {
			isa = PBXFrameworksBuildPhase;
			buildActionMask = 2147483647;
			files = (
				989A719321A6E85500C1FDBC /* ShadowstarKit.framework in Frameworks */,
			);
			runOnlyForDeploymentPostprocessing = 0;
		};
		989A716821A5954A00C1FDBC /* Frameworks */ = {
			isa = PBXFrameworksBuildPhase;
			buildActionMask = 2147483647;
			files = (
			);
			runOnlyForDeploymentPostprocessing = 0;
		};
/* End PBXFrameworksBuildPhase section */

/* Begin PBXGroup section */
		989A713D21A5922100C1FDBC = {
			isa = PBXGroup;
			children = (
				989A717F21A5B07600C1FDBC /* ShadowstarKit.xcodeproj */,
				989A714921A5922100C1FDBC /* SpotlightActionKit */,
				989A716C21A5954A00C1FDBC /* SpotlightActionDemo */,
				989A715721A594CD00C1FDBC /* SpotlightActionLoader */,
				989A714821A5922100C1FDBC /* Products */,
				989A719221A6E85500C1FDBC /* Frameworks */,
			);
			sourceTree = "<group>";
		};
		989A714821A5922100C1FDBC /* Products */ = {
			isa = PBXGroup;
			children = (
				989A714721A5922100C1FDBC /* SpotlightActionKit.framework */,
				989A715621A594CD00C1FDBC /* SpotlightActionLoader.app */,
				989A716B21A5954A00C1FDBC /* SpotlightActionDemo.app */,
			);
			name = Products;
			sourceTree = "<group>";
		};
		989A714921A5922100C1FDBC /* SpotlightActionKit */ = {
			isa = PBXGroup;
			children = (
				989A714A21A5922100C1FDBC /* SpotlightActionKit.h */,
				989A714B21A5922100C1FDBC /* Info.plist */,
			);
			path = SpotlightActionKit;
			sourceTree = "<group>";
		};
		989A715721A594CD00C1FDBC /* SpotlightActionLoader */ = {
			isa = PBXGroup;
			children = (
				989A715821A594CD00C1FDBC /* AppDelegate.h */,
				989A715921A594CD00C1FDBC /* AppDelegate.m */,
				989A718A21A6E4D900C1FDBC /* SpotlightActionInvoker.h */,
				989A718B21A6E4D900C1FDBC /* SpotlightActionInvoker.m */,
				989A718E21A6E6B400C1FDBC /* SpotlightActionObject.h */,
				989A718F21A6E6B400C1FDBC /* SpotlightActionObject.m */,
				989A715B21A594CF00C1FDBC /* Assets.xcassets */,
				989A715D21A594CF00C1FDBC /* MainMenu.xib */,
				989A716021A594CF00C1FDBC /* Info.plist */,
				989A716121A594CF00C1FDBC /* main.m */,
				989A718621A6DE0000C1FDBC /* SupportFiles */,
				989A716321A594D000C1FDBC /* SpotlightActionLoader.entitlements */,
			);
			path = SpotlightActionLoader;
			sourceTree = "<group>";
		};
		989A716C21A5954A00C1FDBC /* SpotlightActionDemo */ = {
			isa = PBXGroup;
			children = (
				989A716D21A5954A00C1FDBC /* AppDelegate.h */,
				989A716E21A5954A00C1FDBC /* AppDelegate.m */,
				989A717021A5954B00C1FDBC /* Assets.xcassets */,
				989A717221A5954B00C1FDBC /* MainMenu.xib */,
				989A717521A5954B00C1FDBC /* Info.plist */,
				989A717621A5954B00C1FDBC /* main.m */,
				989A717821A5954B00C1FDBC /* SpotlightActionDemo.entitlements */,
			);
			path = SpotlightActionDemo;
			sourceTree = "<group>";
		};
		989A718021A5B07600C1FDBC /* Products */ = {
			isa = PBXGroup;
			children = (
				989A718421A5B07700C1FDBC /* ShadowstarKit.framework */,
			);
			name = Products;
			sourceTree = "<group>";
		};
		989A718621A6DE0000C1FDBC /* SupportFiles */ = {
			isa = PBXGroup;
			children = (
				989A718821A6DE4E00C1FDBC /* p */,
			);
			name = SupportFiles;
			sourceTree = "<group>";
		};
		989A719221A6E85500C1FDBC /* Frameworks */ = {
			isa = PBXGroup;
			children = (
			);
			name = Frameworks;
			sourceTree = "<group>";
		};
/* End PBXGroup section */

/* Begin PBXHeadersBuildPhase section */
		989A714221A5922100C1FDBC /* Headers */ = {
			isa = PBXHeadersBuildPhase;
			buildActionMask = 2147483647;
			files = (
				989A714C21A5922100C1FDBC /* SpotlightActionKit.h in Headers */,
			);
			runOnlyForDeploymentPostprocessing = 0;
		};
/* End PBXHeadersBuildPhase section */

/* Begin PBXNativeTarget section */
		989A714621A5922100C1FDBC /* SpotlightActionKit */ = {
			isa = PBXNativeTarget;
			buildConfigurationList = 989A714F21A5922100C1FDBC /* Build configuration list for PBXNativeTarget "SpotlightActionKit" */;
			buildPhases = (
				989A714221A5922100C1FDBC /* Headers */,
				989A714321A5922100C1FDBC /* Sources */,
				989A714421A5922100C1FDBC /* Frameworks */,
				989A714521A5922100C1FDBC /* Resources */,
			);
			buildRules = (
			);
			dependencies = (
			);
			name = SpotlightActionKit;
			productName = SpotlightActionKit;
			productReference = 989A714721A5922100C1FDBC /* SpotlightActionKit.framework */;
			productType = "com.apple.product-type.framework";
		};
		989A715521A594CD00C1FDBC /* SpotlightActionLoader */ = {
			isa = PBXNativeTarget;
			buildConfigurationList = 989A716421A594D000C1FDBC /* Build configuration list for PBXNativeTarget "SpotlightActionLoader" */;
			buildPhases = (
				989A715221A594CD00C1FDBC /* Sources */,
				989A715321A594CD00C1FDBC /* Frameworks */,
				989A715421A594CD00C1FDBC /* Resources */,
			);
			buildRules = (
			);
			dependencies = (
			);
			name = SpotlightActionLoader;
			productName = SpotlightActionLoader;
			productReference = 989A715621A594CD00C1FDBC /* SpotlightActionLoader.app */;
			productType = "com.apple.product-type.application";
		};
		989A716A21A5954A00C1FDBC /* SpotlightActionDemo */ = {
			isa = PBXNativeTarget;
			buildConfigurationList = 989A717921A5954B00C1FDBC /* Build configuration list for PBXNativeTarget "SpotlightActionDemo" */;
			buildPhases = (
				989A716721A5954A00C1FDBC /* Sources */,
				989A716821A5954A00C1FDBC /* Frameworks */,
				989A716921A5954A00C1FDBC /* Resources */,
			);
			buildRules = (
			);
			dependencies = (
			);
			name = SpotlightActionDemo;
			productName = SpotlightActionDemo;
			productReference = 989A716B21A5954A00C1FDBC /* SpotlightActionDemo.app */;
			productType = "com.apple.product-type.application";
		};
/* End PBXNativeTarget section */

/* Begin PBXProject section */
		989A713E21A5922100C1FDBC /* Project object */ = {
			isa = PBXProject;
			attributes = {
				LastUpgradeCheck = 1010;
				ORGANIZATIONNAME = Jovi;
				TargetAttributes = {
					989A714621A5922100C1FDBC = {
						CreatedOnToolsVersion = 10.1;
						ProvisioningStyle = Automatic;
					};
					989A715521A594CD00C1FDBC = {
						CreatedOnToolsVersion = 10.1;
						ProvisioningStyle = Automatic;
						SystemCapabilities = {
							com.apple.Sandbox = {
								enabled = 1;
							};
						};
					};
					989A716A21A5954A00C1FDBC = {
						CreatedOnToolsVersion = 10.1;
						ProvisioningStyle = Automatic;
					};
				};
			};
			buildConfigurationList = 989A714121A5922100C1FDBC /* Build configuration list for PBXProject "SpotlightActionKit" */;
			compatibilityVersion = "Xcode 8.0";
			developmentRegion = en;
			hasScannedForEncodings = 0;
			knownRegions = (
				en,
				Base,
			);
			mainGroup = 989A713D21A5922100C1FDBC;
			productRefGroup = 989A714821A5922100C1FDBC /* Products */;
			projectDirPath = "";
			projectReferences = (
				{
					ProductGroup = 989A718021A5B07600C1FDBC /* Products */;
					ProjectRef = 989A717F21A5B07600C1FDBC /* ShadowstarKit.xcodeproj */;
				},
			);
			projectRoot = "";
			targets = (
				989A714621A5922100C1FDBC /* SpotlightActionKit */,
				989A715521A594CD00C1FDBC /* SpotlightActionLoader */,
				989A716A21A5954A00C1FDBC /* SpotlightActionDemo */,
			);
		};
/* End PBXProject section */

/* Begin PBXReferenceProxy section */
		989A718421A5B07700C1FDBC /* ShadowstarKit.framework */ = {
			isa = PBXReferenceProxy;
			fileType = wrapper.framework;
			path = ShadowstarKit.framework;
			remoteRef = 989A718321A5B07700C1FDBC /* PBXContainerItemProxy */;
			sourceTree = BUILT_PRODUCTS_DIR;
		};
/* End PBXReferenceProxy section */

/* Begin PBXResourcesBuildPhase section */
		989A714521A5922100C1FDBC /* Resources */ = {
			isa = PBXResourcesBuildPhase;
			buildActionMask = 2147483647;
			files = (
			);
			runOnlyForDeploymentPostprocessing = 0;
		};
		989A715421A594CD00C1FDBC /* Resources */ = {
			isa = PBXResourcesBuildPhase;
			buildActionMask = 2147483647;
			files = (
				989A718921A6DE4E00C1FDBC /* p in Resources */,
				989A715C21A594CF00C1FDBC /* Assets.xcassets in Resources */,
				989A715F21A594CF00C1FDBC /* MainMenu.xib in Resources */,
			);
			runOnlyForDeploymentPostprocessing = 0;
		};
		989A716921A5954A00C1FDBC /* Resources */ = {
			isa = PBXResourcesBuildPhase;
			buildActionMask = 2147483647;
			files = (
				989A717121A5954B00C1FDBC /* Assets.xcassets in Resources */,
				989A717421A5954B00C1FDBC /* MainMenu.xib in Resources */,
			);
			runOnlyForDeploymentPostprocessing = 0;
		};
/* End PBXResourcesBuildPhase section */

/* Begin PBXSourcesBuildPhase section */
		989A714321A5922100C1FDBC /* Sources */ = {
			isa = PBXSourcesBuildPhase;
			buildActionMask = 2147483647;
			files = (
			);
			runOnlyForDeploymentPostprocessing = 0;
		};
		989A715221A594CD00C1FDBC /* Sources */ = {
			isa = PBXSourcesBuildPhase;
			buildActionMask = 2147483647;
			files = (
				989A716221A594D000C1FDBC /* main.m in Sources */,
				989A719021A6E6B400C1FDBC /* SpotlightActionObject.m in Sources */,
				989A718C21A6E4D900C1FDBC /* SpotlightActionInvoker.m in Sources */,
				989A715A21A594CD00C1FDBC /* AppDelegate.m in Sources */,
			);
			runOnlyForDeploymentPostprocessing = 0;
		};
		989A716721A5954A00C1FDBC /* Sources */ = {
			isa = PBXSourcesBuildPhase;
			buildActionMask = 2147483647;
			files = (
				989A717721A5954B00C1FDBC /* main.m in Sources */,
				989A716F21A5954A00C1FDBC /* AppDelegate.m in Sources */,
			);
			runOnlyForDeploymentPostprocessing = 0;
		};
/* End PBXSourcesBuildPhase section */

/* Begin PBXVariantGroup section */
		989A715D21A594CF00C1FDBC /* MainMenu.xib */ = {
			isa = PBXVariantGroup;
			children = (
				989A715E21A594CF00C1FDBC /* Base */,
			);
			name = MainMenu.xib;
			sourceTree = "<group>";
		};
		989A717221A5954B00C1FDBC /* MainMenu.xib */ = {
			isa = PBXVariantGroup;
			children = (
				989A717321A5954B00C1FDBC /* Base */,
			);
			name = MainMenu.xib;
			sourceTree = "<group>";
		};
/* End PBXVariantGroup section */

/* Begin XCBuildConfiguration section */
		989A714D21A5922100C1FDBC /* Debug */ = {
			isa = XCBuildConfiguration;
			buildSettings = {
				ALWAYS_SEARCH_USER_PATHS = NO;
				CLANG_ANALYZER_NONNULL = YES;
				CLANG_ANALYZER_NUMBER_OBJECT_CONVERSION = YES_AGGRESSIVE;
				CLANG_CXX_LANGUAGE_STANDARD = "gnu++14";
				CLANG_CXX_LIBRARY = "libc++";
				CLANG_ENABLE_MODULES = YES;
				CLANG_ENABLE_OBJC_ARC = YES;
				CLANG_ENABLE_OBJC_WEAK = YES;
				CLANG_WARN_BLOCK_CAPTURE_AUTORELEASING = YES;
				CLANG_WARN_BOOL_CONVERSION = YES;
				CLANG_WARN_COMMA = YES;
				CLANG_WARN_CONSTANT_CONVERSION = YES;
				CLANG_WARN_DEPRECATED_OBJC_IMPLEMENTATIONS = YES;
				CLANG_WARN_DIRECT_OBJC_ISA_USAGE = YES_ERROR;
				CLANG_WARN_DOCUMENTATION_COMMENTS = YES;
				CLANG_WARN_EMPTY_BODY = YES;
				CLANG_WARN_ENUM_CONVERSION = YES;
				CLANG_WARN_INFINITE_RECURSION = YES;
				CLANG_WARN_INT_CONVERSION = YES;
				CLANG_WARN_NON_LITERAL_NULL_CONVERSION = YES;
				CLANG_WARN_OBJC_IMPLICIT_RETAIN_SELF = YES;
				CLANG_WARN_OBJC_LITERAL_CONVERSION = YES;
				CLANG_WARN_OBJC_ROOT_CLASS = YES_ERROR;
				CLANG_WARN_RANGE_LOOP_ANALYSIS = YES;
				CLANG_WARN_STRICT_PROTOTYPES = YES;
				CLANG_WARN_SUSPICIOUS_MOVE = YES;
				CLANG_WARN_UNGUARDED_AVAILABILITY = YES_AGGRESSIVE;
				CLANG_WARN_UNREACHABLE_CODE = YES;
				CLANG_WARN__DUPLICATE_METHOD_MATCH = YES;
				CODE_SIGN_IDENTITY = "Mac Developer";
				COPY_PHASE_STRIP = NO;
				CURRENT_PROJECT_VERSION = 1;
				DEBUG_INFORMATION_FORMAT = dwarf;
				ENABLE_STRICT_OBJC_MSGSEND = YES;
				ENABLE_TESTABILITY = YES;
				GCC_C_LANGUAGE_STANDARD = gnu11;
				GCC_DYNAMIC_NO_PIC = NO;
				GCC_NO_COMMON_BLOCKS = YES;
				GCC_OPTIMIZATION_LEVEL = 0;
				GCC_PREPROCESSOR_DEFINITIONS = (
					"DEBUG=1",
					"$(inherited)",
				);
				GCC_WARN_64_TO_32_BIT_CONVERSION = YES;
				GCC_WARN_ABOUT_RETURN_TYPE = YES_ERROR;
				GCC_WARN_UNDECLARED_SELECTOR = YES;
				GCC_WARN_UNINITIALIZED_AUTOS = YES_AGGRESSIVE;
				GCC_WARN_UNUSED_FUNCTION = YES;
				GCC_WARN_UNUSED_VARIABLE = YES;
				MACOSX_DEPLOYMENT_TARGET = 10.14;
				MTL_ENABLE_DEBUG_INFO = INCLUDE_SOURCE;
				MTL_FAST_MATH = YES;
				ONLY_ACTIVE_ARCH = YES;
				SDKROOT = macosx;
				VERSIONING_SYSTEM = "apple-generic";
				VERSION_INFO_PREFIX = "";
			};
			name = Debug;
		};
		989A714E21A5922100C1FDBC /* Release */ = {
			isa = XCBuildConfiguration;
			buildSettings = {
				ALWAYS_SEARCH_USER_PATHS = NO;
				CLANG_ANALYZER_NONNULL = YES;
				CLANG_ANALYZER_NUMBER_OBJECT_CONVERSION = YES_AGGRESSIVE;
				CLANG_CXX_LANGUAGE_STANDARD = "gnu++14";
				CLANG_CXX_LIBRARY = "libc++";
				CLANG_ENABLE_MODULES = YES;
				CLANG_ENABLE_OBJC_ARC = YES;
				CLANG_ENABLE_OBJC_WEAK = YES;
				CLANG_WARN_BLOCK_CAPTURE_AUTORELEASING = YES;
				CLANG_WARN_BOOL_CONVERSION = YES;
				CLANG_WARN_COMMA = YES;
				CLANG_WARN_CONSTANT_CONVERSION = YES;
				CLANG_WARN_DEPRECATED_OBJC_IMPLEMENTATIONS = YES;
				CLANG_WARN_DIRECT_OBJC_ISA_USAGE = YES_ERROR;
				CLANG_WARN_DOCUMENTATION_COMMENTS = YES;
				CLANG_WARN_EMPTY_BODY = YES;
				CLANG_WARN_ENUM_CONVERSION = YES;
				CLANG_WARN_INFINITE_RECURSION = YES;
				CLANG_WARN_INT_CONVERSION = YES;
				CLANG_WARN_NON_LITERAL_NULL_CONVERSION = YES;
				CLANG_WARN_OBJC_IMPLICIT_RETAIN_SELF = YES;
				CLANG_WARN_OBJC_LITERAL_CONVERSION = YES;
				CLANG_WARN_OBJC_ROOT_CLASS = YES_ERROR;
				CLANG_WARN_RANGE_LOOP_ANALYSIS = YES;
				CLANG_WARN_STRICT_PROTOTYPES = YES;
				CLANG_WARN_SUSPICIOUS_MOVE = YES;
				CLANG_WARN_UNGUARDED_AVAILABILITY = YES_AGGRESSIVE;
				CLANG_WARN_UNREACHABLE_CODE = YES;
				CLANG_WARN__DUPLICATE_METHOD_MATCH = YES;
				CODE_SIGN_IDENTITY = "Mac Developer";
				COPY_PHASE_STRIP = NO;
				CURRENT_PROJECT_VERSION = 1;
				DEBUG_INFORMATION_FORMAT = "dwarf-with-dsym";
				ENABLE_NS_ASSERTIONS = NO;
				ENABLE_STRICT_OBJC_MSGSEND = YES;
				GCC_C_LANGUAGE_STANDARD = gnu11;
				GCC_NO_COMMON_BLOCKS = YES;
				GCC_WARN_64_TO_32_BIT_CONVERSION = YES;
				GCC_WARN_ABOUT_RETURN_TYPE = YES_ERROR;
				GCC_WARN_UNDECLARED_SELECTOR = YES;
				GCC_WARN_UNINITIALIZED_AUTOS = YES_AGGRESSIVE;
				GCC_WARN_UNUSED_FUNCTION = YES;
				GCC_WARN_UNUSED_VARIABLE = YES;
				MACOSX_DEPLOYMENT_TARGET = 10.14;
				MTL_ENABLE_DEBUG_INFO = NO;
				MTL_FAST_MATH = YES;
				SDKROOT = macosx;
				VERSIONING_SYSTEM = "apple-generic";
				VERSION_INFO_PREFIX = "";
			};
			name = Release;
		};
		989A715021A5922100C1FDBC /* Debug */ = {
			isa = XCBuildConfiguration;
			buildSettings = {
				CODE_SIGN_IDENTITY = "";
				CODE_SIGN_STYLE = Automatic;
				COMBINE_HIDPI_IMAGES = YES;
				CONFIGURATION_BUILD_DIR = "$(BUILD_DIR)/Output";
				DEFINES_MODULE = YES;
				DEVELOPMENT_TEAM = 9P895LY647;
				DYLIB_COMPATIBILITY_VERSION = 1;
				DYLIB_CURRENT_VERSION = 1;
				DYLIB_INSTALL_NAME_BASE = "@rpath";
				FRAMEWORK_VERSION = A;
				INFOPLIST_FILE = SpotlightActionKit/Info.plist;
				INSTALL_PATH = "$(LOCAL_LIBRARY_DIR)/Frameworks";
				LD_RUNPATH_SEARCH_PATHS = "$(inherited) @executable_path/../Frameworks @loader_path/Frameworks";
				MACOSX_DEPLOYMENT_TARGET = 10.10;
				ONLY_ACTIVE_ARCH = YES;
				PRODUCT_BUNDLE_IDENTIFIER = com.HyperartFlow.SpotlightActionKit;
				PRODUCT_NAME = "$(TARGET_NAME:c99extidentifier)";
				SKIP_INSTALL = YES;
			};
			name = Debug;
		};
		989A715121A5922100C1FDBC /* Release */ = {
			isa = XCBuildConfiguration;
			buildSettings = {
				CODE_SIGN_IDENTITY = "";
				CODE_SIGN_STYLE = Automatic;
				COMBINE_HIDPI_IMAGES = YES;
				CONFIGURATION_BUILD_DIR = "$(BUILD_DIR)/Output";
				DEFINES_MODULE = YES;
				DEVELOPMENT_TEAM = 9P895LY647;
				DYLIB_COMPATIBILITY_VERSION = 1;
				DYLIB_CURRENT_VERSION = 1;
				DYLIB_INSTALL_NAME_BASE = "@rpath";
				FRAMEWORK_VERSION = A;
				INFOPLIST_FILE = SpotlightActionKit/Info.plist;
				INSTALL_PATH = "$(LOCAL_LIBRARY_DIR)/Frameworks";
				LD_RUNPATH_SEARCH_PATHS = "$(inherited) @executable_path/../Frameworks @loader_path/Frameworks";
				MACOSX_DEPLOYMENT_TARGET = 10.10;
				ONLY_ACTIVE_ARCH = YES;
				PRODUCT_BUNDLE_IDENTIFIER = com.HyperartFlow.SpotlightActionKit;
				PRODUCT_NAME = "$(TARGET_NAME:c99extidentifier)";
				SKIP_INSTALL = YES;
			};
			name = Release;
		};
		989A716521A594D000C1FDBC /* Debug */ = {
			isa = XCBuildConfiguration;
			buildSettings = {
				ASSETCATALOG_COMPILER_APPICON_NAME = AppIcon;
				CODE_SIGN_ENTITLEMENTS = SpotlightActionLoader/SpotlightActionLoader.entitlements;
				CODE_SIGN_STYLE = Automatic;
				COMBINE_HIDPI_IMAGES = YES;
				CONFIGURATION_BUILD_DIR = "$(BUILD_DIR)/Output";
				DEVELOPMENT_TEAM = 9P895LY647;
				INFOPLIST_FILE = SpotlightActionLoader/Info.plist;
				LD_RUNPATH_SEARCH_PATHS = "$(inherited) @executable_path/../Frameworks";
				MACOSX_DEPLOYMENT_TARGET = 10.10;
				PRODUCT_BUNDLE_IDENTIFIER = com.HyperartFlow.SpotlightActionLoader;
				PRODUCT_NAME = "$(TARGET_NAME)";
			};
			name = Debug;
		};
		989A716621A594D000C1FDBC /* Release */ = {
			isa = XCBuildConfiguration;
			buildSettings = {
				ASSETCATALOG_COMPILER_APPICON_NAME = AppIcon;
				CODE_SIGN_ENTITLEMENTS = SpotlightActionLoader/SpotlightActionLoader.entitlements;
				CODE_SIGN_STYLE = Automatic;
				COMBINE_HIDPI_IMAGES = YES;
				CONFIGURATION_BUILD_DIR = "$(BUILD_DIR)/Output";
				DEVELOPMENT_TEAM = 9P895LY647;
				INFOPLIST_FILE = SpotlightActionLoader/Info.plist;
				LD_RUNPATH_SEARCH_PATHS = "$(inherited) @executable_path/../Frameworks";
				MACOSX_DEPLOYMENT_TARGET = 10.10;
				PRODUCT_BUNDLE_IDENTIFIER = com.HyperartFlow.SpotlightActionLoader;
				PRODUCT_NAME = "$(TARGET_NAME)";
			};
			name = Release;
		};
		989A717A21A5954B00C1FDBC /* Debug */ = {
			isa = XCBuildConfiguration;
			buildSettings = {
				ASSETCATALOG_COMPILER_APPICON_NAME = AppIcon;
				CODE_SIGN_ENTITLEMENTS = SpotlightActionDemo/SpotlightActionDemo.entitlements;
				CODE_SIGN_STYLE = Automatic;
				COMBINE_HIDPI_IMAGES = YES;
				CONFIGURATION_BUILD_DIR = "$(BUILD_DIR)/Output";
				DEVELOPMENT_TEAM = 9P895LY647;
				INFOPLIST_FILE = SpotlightActionDemo/Info.plist;
				LD_RUNPATH_SEARCH_PATHS = "$(inherited) @executable_path/../Frameworks";
				MACOSX_DEPLOYMENT_TARGET = 10.10;
				PRODUCT_BUNDLE_IDENTIFIER = com.HyperartFlow.SpotlightActionDemo;
				PRODUCT_NAME = "$(TARGET_NAME)";
			};
			name = Debug;
		};
		989A717B21A5954B00C1FDBC /* Release */ = {
			isa = XCBuildConfiguration;
			buildSettings = {
				ASSETCATALOG_COMPILER_APPICON_NAME = AppIcon;
				CODE_SIGN_ENTITLEMENTS = SpotlightActionDemo/SpotlightActionDemo.entitlements;
				CODE_SIGN_STYLE = Automatic;
				COMBINE_HIDPI_IMAGES = YES;
				CONFIGURATION_BUILD_DIR = "$(BUILD_DIR)/Output";
				DEVELOPMENT_TEAM = 9P895LY647;
				INFOPLIST_FILE = SpotlightActionDemo/Info.plist;
				LD_RUNPATH_SEARCH_PATHS = "$(inherited) @executable_path/../Frameworks";
				MACOSX_DEPLOYMENT_TARGET = 10.10;
				PRODUCT_BUNDLE_IDENTIFIER = com.HyperartFlow.SpotlightActionDemo;
				PRODUCT_NAME = "$(TARGET_NAME)";
			};
			name = Release;
		};
/* End XCBuildConfiguration section */

/* Begin XCConfigurationList section */
		989A714121A5922100C1FDBC /* Build configuration list for PBXProject "SpotlightActionKit" */ = {
			isa = XCConfigurationList;
			buildConfigurations = (
				989A714D21A5922100C1FDBC /* Debug */,
				989A714E21A5922100C1FDBC /* Release */,
			);
			defaultConfigurationIsVisible = 0;
			defaultConfigurationName = Release;
		};
		989A714F21A5922100C1FDBC /* Build configuration list for PBXNativeTarget "SpotlightActionKit" */ = {
			isa = XCConfigurationList;
			buildConfigurations = (
				989A715021A5922100C1FDBC /* Debug */,
				989A715121A5922100C1FDBC /* Release */,
			);
			defaultConfigurationIsVisible = 0;
			defaultConfigurationName = Release;
		};
		989A716421A594D000C1FDBC /* Build configuration list for PBXNativeTarget "SpotlightActionLoader" */ = {
			isa = XCConfigurationList;
			buildConfigurations = (
				989A716521A594D000C1FDBC /* Debug */,
				989A716621A594D000C1FDBC /* Release */,
			);
			defaultConfigurationIsVisible = 0;
			defaultConfigurationName = Release;
		};
		989A717921A5954B00C1FDBC /* Build configuration list for PBXNativeTarget "SpotlightActionDemo" */ = {
			isa = XCConfigurationList;
			buildConfigurations = (
				989A717A21A5954B00C1FDBC /* Debug */,
				989A717B21A5954B00C1FDBC /* Release */,
			);
			defaultConfigurationIsVisible = 0;
			defaultConfigurationName = Release;
		};
/* End XCConfigurationList section */
	};
	rootObject = 989A713E21A5922100C1FDBC /* Project object */;
}
